
Microsoft Visual Studio Solution File, Format Version 12.00
# Visual Studio 15
Project("{FAE04EC0-301F-11D3-BF4B-00C04F79EFBC}") = "Assembly-CSharp", "Assembly-CSharp.csproj", "{AEB9DB8A-930B-E8EF-DCA5-6165F50EF338}"
EndProject
Project("{FAE04EC0-301F-11D3-BF4B-00C04F79EFBC}") = "Assembly-CSharp-firstpass", "Assembly-CSharp-firstpass.csproj", "{CE2AE5C3-AAED-4D6F-BF65-B3E5DB55B8B3}"
EndProject
Project("{FAE04EC0-301F-11D3-BF4B-00C04F79EFBC}") = "Assembly-CSharp-Editor", "Assembly-CSharp-Editor.csproj", "{65F87B75-F6FA-925D-DC41-8769F33BD673}"
EndProject
Global
	GlobalSection(SolutionConfigurationPlatforms) = preSolution
		Debug|Any CPU = Debug|Any CPU
		Release|Any CPU = Release|Any CPU
	EndGlobalSection
	GlobalSection(ProjectConfigurationPlatforms) = postSolution
		{AEB9DB8A-930B-E8EF-DCA5-6165F50EF338}.Debug|Any CPU.ActiveCfg = Debug|Any CPU
		{AEB9DB8A-930B-E8EF-DCA5-6165F50EF338}.Debug|Any CPU.Build.0 = Debug|Any CPU
		{AEB9DB8A-930B-E8EF-DCA5-6165F50EF338}.Release|Any CPU.ActiveCfg = Release|Any CPU
		{AEB9DB8A-930B-E8EF-DCA5-6165F50EF338}.Release|Any CPU.Build.0 = Release|Any CPU
		{CE2AE5C3-AAED-4D6F-BF65-B3E5DB55B8B3}.Debug|Any CPU.ActiveCfg = Debug|Any CPU
		{CE2AE5C3-AAED-4D6F-BF65-B3E5DB55B8B3}.Debug|Any CPU.Build.0 = Debug|Any CPU
		{CE2AE5C3-AAED-4D6F-BF65-B3E5DB55B8B3}.Release|Any CPU.ActiveCfg = Release|Any CPU
		{CE2AE5C3-AAED-4D6F-BF65-B3E5DB55B8B3}.Release|Any CPU.Build.0 = Release|Any CPU
		{65F87B75-F6FA-925D-DC41-8769F33BD673}.Debug|Any CPU.ActiveCfg = Debug|Any CPU
		{65F87B75-F6FA-925D-DC41-8769F33BD673}.Debug|Any CPU.Build.0 = Debug|Any CPU
		{65F87B75-F6FA-925D-DC41-8769F33BD673}.Release|Any CPU.ActiveCfg = Release|Any CPU
		{65F87B75-F6FA-925D-DC41-8769F33BD673}.Release|Any CPU.Build.0 = Release|Any CPU
	EndGlobalSection
	GlobalSection(SolutionProperties) = preSolution
		HideSolutionNode = FALSE
	EndGlobalSection
EndGlobal
